
Microsoft Visual Studio Solution File, Format Version 12.00
# Visual Studio Version 16
VisualStudioVersion = 16.0.32126.315
MinimumVisualStudioVersion = 10.0.40219.1
Project("{FAE04EC0-301F-11D3-BF4B-00C04F79EFBC}") = "exo1", "exo1\exo1.csproj", "{A60B2773-42E6-42DF-BB5D-907E809606BF}"
EndProject
Global
	GlobalSection(SolutionConfigurationPlatforms) = preSolution
		Debug|Any CPU = Debug|Any CPU
		Release|Any CPU = Release|Any CPU
	EndGlobalSection
	GlobalSection(ProjectConfigurationPlatforms) = postSolution
		{A60B2773-42E6-42DF-BB5D-907E809606BF}.Debug|Any CPU.ActiveCfg = Debug|Any CPU
		{A60B2773-42E6-42DF-BB5D-907E809606BF}.Debug|Any CPU.Build.0 = Debug|Any CPU
		{A60B2773-42E6-42DF-BB5D-907E809606BF}.Release|Any CPU.ActiveCfg = Release|Any CPU
		{A60B2773-42E6-42DF-BB5D-907E809606BF}.Release|Any CPU.Build.0 = Release|Any CPU
	EndGlobalSection
	GlobalSection(SolutionProperties) = preSolution
		HideSolutionNode = FALSE
	EndGlobalSection
	GlobalSection(ExtensibilityGlobals) = postSolution
		SolutionGuid = {B8B55484-EA69-45CF-ADA3-EEECAA9F2F5B}
	EndGlobalSection
EndGlobal
